// !$*UTF8*$!
{
	archiveVersion = 1;
	classes = {
	};
	objectVersion = 46;
	objects = {

/* Begin PBXBuildFile section */
		315BFA041CFC4EA500FA87B3 /* Client.m in Sources */ = {isa = PBXBuildFile; fileRef = 315BF9FB1CFC4EA500FA87B3 /* Client.m */; };
		315BFA061CFC4EA500FA87B3 /* MCJSONRequestSerializer.m in Sources */ = {isa = PBXBuildFile; fileRef = 315BF9FF1CFC4EA500FA87B3 /* MCJSONRequestSerializer.m */; };
		315BFA071CFC4EA500FA87B3 /* MCJSONResponseSerializer.m in Sources */ = {isa = PBXBuildFile; fileRef = 315BFA011CFC4EA500FA87B3 /* MCJSONResponseSerializer.m */; };
		315BFA081CFC4EA500FA87B3 /* MCNetworkActivityLogger.m in Sources */ = {isa = PBXBuildFile; fileRef = 315BFA031CFC4EA500FA87B3 /* MCNetworkActivityLogger.m */; };
		31A2DCC61CF7D9B500939063 /* main.m in Sources */ = {isa = PBXBuildFile; fileRef = 31A2DCC51CF7D9B500939063 /* main.m */; };
		31A2DCC91CF7D9B500939063 /* AppDelegate.m in Sources */ = {isa = PBXBuildFile; fileRef = 31A2DCC81CF7D9B500939063 /* AppDelegate.m */; };
		31A2DCD11CF7D9B500939063 /* Assets.xcassets in Resources */ = {isa = PBXBuildFile; fileRef = 31A2DCD01CF7D9B500939063 /* Assets.xcassets */; };
		31A2DCD41CF7D9B500939063 /* LaunchScreen.storyboard in Resources */ = {isa = PBXBuildFile; fileRef = 31A2DCD21CF7D9B500939063 /* LaunchScreen.storyboard */; };
		31D2DF371CFD642400C22715 /* Patient.m in Sources */ = {isa = PBXBuildFile; fileRef = 31D2DF361CFD642400C22715 /* Patient.m */; };
		31D2DF391CFD7C2C00C22715 /* Main.storyboard in Resources */ = {isa = PBXBuildFile; fileRef = 31D2DF381CFD7C2C00C22715 /* Main.storyboard */; };
		31D2DF3C1CFD7C4000C22715 /* PatientViewTableViewController.m in Sources */ = {isa = PBXBuildFile; fileRef = 31D2DF3B1CFD7C4000C22715 /* PatientViewTableViewController.m */; };
		31D2DF3F1CFD896900C22715 /* PatientTableViewCell.m in Sources */ = {isa = PBXBuildFile; fileRef = 31D2DF3E1CFD896900C22715 /* PatientTableViewCell.m */; };
		31D642051CFDD49C003F3B30 /* Jibber.framework in Frameworks */ = {isa = PBXBuildFile; fileRef = 31D642041CFDD49C003F3B30 /* Jibber.framework */; };
		31D642091CFDD510003F3B30 /* libc++.tbd in Frameworks */ = {isa = PBXBuildFile; fileRef = 31D642081CFDD510003F3B30 /* libc++.tbd */; };
		9F0AA1DA4F94C1D970F1C7D5 /* libPods-HirudoApp.a in Frameworks */ = {isa = PBXBuildFile; fileRef = 779DE83D3C2026F5547E8BCA /* libPods-HirudoApp.a */; };
/* End PBXBuildFile section */

/* Begin PBXFileReference section */
		315BF9FA1CFC4EA500FA87B3 /* Client.h */ = {isa = PBXFileReference; fileEncoding = 4; lastKnownFileType = sourcecode.c.h; path = Client.h; sourceTree = "<group>"; };
		315BF9FB1CFC4EA500FA87B3 /* Client.m */ = {isa = PBXFileReference; fileEncoding = 4; lastKnownFileType = sourcecode.c.objc; path = Client.m; sourceTree = "<group>"; };
		315BF9FE1CFC4EA500FA87B3 /* MCJSONRequestSerializer.h */ = {isa = PBXFileReference; fileEncoding = 4; lastKnownFileType = sourcecode.c.h; path = MCJSONRequestSerializer.h; sourceTree = "<group>"; };
		315BF9FF1CFC4EA500FA87B3 /* MCJSONRequestSerializer.m */ = {isa = PBXFileReference; fileEncoding = 4; lastKnownFileType = sourcecode.c.objc; path = MCJSONRequestSerializer.m; sourceTree = "<group>"; };
		315BFA001CFC4EA500FA87B3 /* MCJSONResponseSerializer.h */ = {isa = PBXFileReference; fileEncoding = 4; lastKnownFileType = sourcecode.c.h; path = MCJSONResponseSerializer.h; sourceTree = "<group>"; };
		315BFA011CFC4EA500FA87B3 /* MCJSONResponseSerializer.m */ = {isa = PBXFileReference; fileEncoding = 4; lastKnownFileType = sourcecode.c.objc; path = MCJSONResponseSerializer.m; sourceTree = "<group>"; };
		315BFA021CFC4EA500FA87B3 /* MCNetworkActivityLogger.h */ = {isa = PBXFileReference; fileEncoding = 4; lastKnownFileType = sourcecode.c.h; path = MCNetworkActivityLogger.h; sourceTree = "<group>"; };
		315BFA031CFC4EA500FA87B3 /* MCNetworkActivityLogger.m */ = {isa = PBXFileReference; fileEncoding = 4; lastKnownFileType = sourcecode.c.objc; path = MCNetworkActivityLogger.m; sourceTree = "<group>"; };
		31A2DCC11CF7D9B500939063 /* HirudoApp.app */ = {isa = PBXFileReference; explicitFileType = wrapper.application; includeInIndex = 0; path = HirudoApp.app; sourceTree = BUILT_PRODUCTS_DIR; };
		31A2DCC51CF7D9B500939063 /* main.m */ = {isa = PBXFileReference; lastKnownFileType = sourcecode.c.objc; path = main.m; sourceTree = "<group>"; };
		31A2DCC71CF7D9B500939063 /* AppDelegate.h */ = {isa = PBXFileReference; lastKnownFileType = sourcecode.c.h; path = AppDelegate.h; sourceTree = "<group>"; };
		31A2DCC81CF7D9B500939063 /* AppDelegate.m */ = {isa = PBXFileReference; lastKnownFileType = sourcecode.c.objc; path = AppDelegate.m; sourceTree = "<group>"; };
		31A2DCD01CF7D9B500939063 /* Assets.xcassets */ = {isa = PBXFileReference; lastKnownFileType = folder.assetcatalog; path = Assets.xcassets; sourceTree = "<group>"; };
		31A2DCD31CF7D9B500939063 /* Base */ = {isa = PBXFileReference; lastKnownFileType = file.storyboard; name = Base; path = Base.lproj/LaunchScreen.storyboard; sourceTree = "<group>"; };
		31A2DCD51CF7D9B500939063 /* Info.plist */ = {isa = PBXFileReference; lastKnownFileType = text.plist.xml; path = Info.plist; sourceTree = "<group>"; };
		31D2DF351CFD642400C22715 /* Patient.h */ = {isa = PBXFileReference; fileEncoding = 4; lastKnownFileType = sourcecode.c.h; path = Patient.h; sourceTree = "<group>"; };
		31D2DF361CFD642400C22715 /* Patient.m */ = {isa = PBXFileReference; fileEncoding = 4; lastKnownFileType = sourcecode.c.objc; path = Patient.m; sourceTree = "<group>"; };
		31D2DF381CFD7C2C00C22715 /* Main.storyboard */ = {isa = PBXFileReference; fileEncoding = 4; lastKnownFileType = file.storyboard; path = Main.storyboard; sourceTree = "<group>"; };
		31D2DF3A1CFD7C4000C22715 /* PatientViewTableViewController.h */ = {isa = PBXFileReference; fileEncoding = 4; lastKnownFileType = sourcecode.c.h; path = PatientViewTableViewController.h; sourceTree = "<group>"; };
		31D2DF3B1CFD7C4000C22715 /* PatientViewTableViewController.m */ = {isa = PBXFileReference; fileEncoding = 4; lastKnownFileType = sourcecode.c.objc; path = PatientViewTableViewController.m; sourceTree = "<group>"; };
		31D2DF3D1CFD896900C22715 /* PatientTableViewCell.h */ = {isa = PBXFileReference; fileEncoding = 4; lastKnownFileType = sourcecode.c.h; path = PatientTableViewCell.h; sourceTree = "<group>"; };
		31D2DF3E1CFD896900C22715 /* PatientTableViewCell.m */ = {isa = PBXFileReference; fileEncoding = 4; lastKnownFileType = sourcecode.c.objc; path = PatientTableViewCell.m; sourceTree = "<group>"; };
		31D642041CFDD49C003F3B30 /* Jibber.framework */ = {isa = PBXFileReference; lastKnownFileType = wrapper.framework; path = Jibber.framework; sourceTree = "<group>"; };
		31D642061CFDD50A003F3B30 /* libc++.1.tbd */ = {isa = PBXFileReference; lastKnownFileType = "sourcecode.text-based-dylib-definition"; name = "libc++.1.tbd"; path = "usr/lib/libc++.1.tbd"; sourceTree = SDKROOT; };
		31D642081CFDD510003F3B30 /* libc++.tbd */ = {isa = PBXFileReference; lastKnownFileType = "sourcecode.text-based-dylib-definition"; name = "libc++.tbd"; path = "usr/lib/libc++.tbd"; sourceTree = SDKROOT; };
		779DE83D3C2026F5547E8BCA /* libPods-HirudoApp.a */ = {isa = PBXFileReference; explicitFileType = archive.ar; includeInIndex = 0; path = "libPods-HirudoApp.a"; sourceTree = BUILT_PRODUCTS_DIR; };
		9ED7F887DF45D20E8236D417 /* Pods-HirudoApp.release.xcconfig */ = {isa = PBXFileReference; includeInIndex = 1; lastKnownFileType = text.xcconfig; name = "Pods-HirudoApp.release.xcconfig"; path = "Pods/Target Support Files/Pods-HirudoApp/Pods-HirudoApp.release.xcconfig"; sourceTree = "<group>"; };
		B6D8254E3871DD288663D682 /* Pods-HirudoApp.debug.xcconfig */ = {isa = PBXFileReference; includeInIndex = 1; lastKnownFileType = text.xcconfig; name = "Pods-HirudoApp.debug.xcconfig"; path = "Pods/Target Support Files/Pods-HirudoApp/Pods-HirudoApp.debug.xcconfig"; sourceTree = "<group>"; };
/* End PBXFileReference section */

/* Begin PBXFrameworksBuildPhase section */
		31A2DCBE1CF7D9B400939063 /* Frameworks */ = {
			isa = PBXFrameworksBuildPhase;
			buildActionMask = 2147483647;
			files = (
				31D642091CFDD510003F3B30 /* libc++.tbd in Frameworks */,
				31D642051CFDD49C003F3B30 /* Jibber.framework in Frameworks */,
				9F0AA1DA4F94C1D970F1C7D5 /* libPods-HirudoApp.a in Frameworks */,
			);
			runOnlyForDeploymentPostprocessing = 0;
		};
/* End PBXFrameworksBuildPhase section */

/* Begin PBXGroup section */
		315BFA091CFC4EB000FA87B3 /* Client */ = {
			isa = PBXGroup;
			children = (
				315BF9FA1CFC4EA500FA87B3 /* Client.h */,
				315BF9FB1CFC4EA500FA87B3 /* Client.m */,
				315BF9FE1CFC4EA500FA87B3 /* MCJSONRequestSerializer.h */,
				315BF9FF1CFC4EA500FA87B3 /* MCJSONRequestSerializer.m */,
				315BFA001CFC4EA500FA87B3 /* MCJSONResponseSerializer.h */,
				315BFA011CFC4EA500FA87B3 /* MCJSONResponseSerializer.m */,
				315BFA021CFC4EA500FA87B3 /* MCNetworkActivityLogger.h */,
				315BFA031CFC4EA500FA87B3 /* MCNetworkActivityLogger.m */,
			);
			name = Client;
			sourceTree = "<group>";
		};
		31A2DCB81CF7D9B400939063 = {
			isa = PBXGroup;
			children = (
				31A2DCC31CF7D9B500939063 /* HirudoApp */,
				31A2DCC21CF7D9B500939063 /* Products */,
				E65A8262BC0DE43BF83DF20D /* Pods */,
				37D3E55C753C237E0F29F50B /* Frameworks */,
			);
			sourceTree = "<group>";
		};
		31A2DCC21CF7D9B500939063 /* Products */ = {
			isa = PBXGroup;
			children = (
				31A2DCC11CF7D9B500939063 /* HirudoApp.app */,
			);
			name = Products;
			sourceTree = "<group>";
		};
		31A2DCC31CF7D9B500939063 /* HirudoApp */ = {
			isa = PBXGroup;
			children = (
				31A2DCC71CF7D9B500939063 /* AppDelegate.h */,
				31A2DCC81CF7D9B500939063 /* AppDelegate.m */,
				31D2DF381CFD7C2C00C22715 /* Main.storyboard */,
				31D2DF3A1CFD7C4000C22715 /* PatientViewTableViewController.h */,
				31D2DF3B1CFD7C4000C22715 /* PatientViewTableViewController.m */,
				31D2DF3D1CFD896900C22715 /* PatientTableViewCell.h */,
				31D2DF3E1CFD896900C22715 /* PatientTableViewCell.m */,
				31D2DF341CFD640A00C22715 /* Model */,
				315BFA091CFC4EB000FA87B3 /* Client */,
				31A2DCD01CF7D9B500939063 /* Assets.xcassets */,
				31A2DCD21CF7D9B500939063 /* LaunchScreen.storyboard */,
				31A2DCD51CF7D9B500939063 /* Info.plist */,
				31A2DCC41CF7D9B500939063 /* Supporting Files */,
			);
			path = HirudoApp;
			sourceTree = "<group>";
		};
		31A2DCC41CF7D9B500939063 /* Supporting Files */ = {
			isa = PBXGroup;
			children = (
				31A2DCC51CF7D9B500939063 /* main.m */,
			);
			name = "Supporting Files";
			sourceTree = "<group>";
		};
		31D2DF341CFD640A00C22715 /* Model */ = {
			isa = PBXGroup;
			children = (
				31D2DF351CFD642400C22715 /* Patient.h */,
				31D2DF361CFD642400C22715 /* Patient.m */,
			);
			name = Model;
			sourceTree = "<group>";
		};
		37D3E55C753C237E0F29F50B /* Frameworks */ = {
			isa = PBXGroup;
			children = (
				31D642081CFDD510003F3B30 /* libc++.tbd */,
				31D642061CFDD50A003F3B30 /* libc++.1.tbd */,
				31D642041CFDD49C003F3B30 /* Jibber.framework */,
				779DE83D3C2026F5547E8BCA /* libPods-HirudoApp.a */,
			);
			name = Frameworks;
			sourceTree = "<group>";
		};
		E65A8262BC0DE43BF83DF20D /* Pods */ = {
			isa = PBXGroup;
			children = (
				B6D8254E3871DD288663D682 /* Pods-HirudoApp.debug.xcconfig */,
				9ED7F887DF45D20E8236D417 /* Pods-HirudoApp.release.xcconfig */,
			);
			name = Pods;
			sourceTree = "<group>";
		};
/* End PBXGroup section */

/* Begin PBXNativeTarget section */
		31A2DCC01CF7D9B400939063 /* HirudoApp */ = {
			isa = PBXNativeTarget;
			buildConfigurationList = 31A2DCD81CF7D9B500939063 /* Build configuration list for PBXNativeTarget "HirudoApp" */;
			buildPhases = (
				E6BD8D846327654F35210E16 /* 📦 Check Pods Manifest.lock */,
				31A2DCBD1CF7D9B400939063 /* Sources */,
				31A2DCBE1CF7D9B400939063 /* Frameworks */,
				31A2DCBF1CF7D9B400939063 /* Resources */,
				B022F261D184A98C6FFEE00F /* 📦 Embed Pods Frameworks */,
				CC9992DA344C53BD95B73E65 /* 📦 Copy Pods Resources */,
			);
			buildRules = (
			);
			dependencies = (
			);
			name = HirudoApp;
			productName = HirudoApp;
			productReference = 31A2DCC11CF7D9B500939063 /* HirudoApp.app */;
			productType = "com.apple.product-type.application";
		};
/* End PBXNativeTarget section */

/* Begin PBXProject section */
		31A2DCB91CF7D9B400939063 /* Project object */ = {
			isa = PBXProject;
			attributes = {
				LastUpgradeCheck = 0730;
				ORGANIZATIONNAME = "Nikhil Sharma";
				TargetAttributes = {
					31A2DCC01CF7D9B400939063 = {
						CreatedOnToolsVersion = 7.3.1;
						DevelopmentTeam = EHW7L3679R;
					};
				};
			};
			buildConfigurationList = 31A2DCBC1CF7D9B400939063 /* Build configuration list for PBXProject "HirudoApp" */;
			compatibilityVersion = "Xcode 3.2";
			developmentRegion = English;
			hasScannedForEncodings = 0;
			knownRegions = (
				en,
				Base,
			);
			mainGroup = 31A2DCB81CF7D9B400939063;
			productRefGroup = 31A2DCC21CF7D9B500939063 /* Products */;
			projectDirPath = "";
			projectRoot = "";
			targets = (
				31A2DCC01CF7D9B400939063 /* HirudoApp */,
			);
		};
/* End PBXProject section */

/* Begin PBXResourcesBuildPhase section */
		31A2DCBF1CF7D9B400939063 /* Resources */ = {
			isa = PBXResourcesBuildPhase;
			buildActionMask = 2147483647;
			files = (
				31D2DF391CFD7C2C00C22715 /* Main.storyboard in Resources */,
				31A2DCD41CF7D9B500939063 /* LaunchScreen.storyboard in Resources */,
				31A2DCD11CF7D9B500939063 /* Assets.xcassets in Resources */,
			);
			runOnlyForDeploymentPostprocessing = 0;
		};
/* End PBXResourcesBuildPhase section */

/* Begin PBXShellScriptBuildPhase section */
		B022F261D184A98C6FFEE00F /* 📦 Embed Pods Frameworks */ = {
			isa = PBXShellScriptBuildPhase;
			buildActionMask = 2147483647;
			files = (
			);
			inputPaths = (
			);
			name = "📦 Embed Pods Frameworks";
			outputPaths = (
			);
			runOnlyForDeploymentPostprocessing = 0;
			shellPath = /bin/sh;
			shellScript = "\"${SRCROOT}/Pods/Target Support Files/Pods-HirudoApp/Pods-HirudoApp-frameworks.sh\"\n";
			showEnvVarsInLog = 0;
		};
		CC9992DA344C53BD95B73E65 /* 📦 Copy Pods Resources */ = {
			isa = PBXShellScriptBuildPhase;
			buildActionMask = 2147483647;
			files = (
			);
			inputPaths = (
			);
			name = "📦 Copy Pods Resources";
			outputPaths = (
			);
			runOnlyForDeploymentPostprocessing = 0;
			shellPath = /bin/sh;
			shellScript = "\"${SRCROOT}/Pods/Target Support Files/Pods-HirudoApp/Pods-HirudoApp-resources.sh\"\n";
			showEnvVarsInLog = 0;
		};
		E6BD8D846327654F35210E16 /* 📦 Check Pods Manifest.lock */ = {
			isa = PBXShellScriptBuildPhase;
			buildActionMask = 2147483647;
			files = (
			);
			inputPaths = (
			);
			name = "📦 Check Pods Manifest.lock";
			outputPaths = (
			);
			runOnlyForDeploymentPostprocessing = 0;
			shellPath = /bin/sh;
			shellScript = "diff \"${PODS_ROOT}/../Podfile.lock\" \"${PODS_ROOT}/Manifest.lock\" > /dev/null\nif [[ $? != 0 ]] ; then\n    cat << EOM\nerror: The sandbox is not in sync with the Podfile.lock. Run 'pod install' or update your CocoaPods installation.\nEOM\n    exit 1\nfi\n";
			showEnvVarsInLog = 0;
		};
/* End PBXShellScriptBuildPhase section */

/* Begin PBXSourcesBuildPhase section */
		31A2DCBD1CF7D9B400939063 /* Sources */ = {
			isa = PBXSourcesBuildPhase;
			buildActionMask = 2147483647;
			files = (
				31D2DF371CFD642400C22715 /* Patient.m in Sources */,
				315BFA071CFC4EA500FA87B3 /* MCJSONResponseSerializer.m in Sources */,
				31A2DCC91CF7D9B500939063 /* AppDelegate.m in Sources */,
				31D2DF3F1CFD896900C22715 /* PatientTableViewCell.m in Sources */,
				315BFA081CFC4EA500FA87B3 /* MCNetworkActivityLogger.m in Sources */,
				31D2DF3C1CFD7C4000C22715 /* PatientViewTableViewController.m in Sources */,
				315BFA061CFC4EA500FA87B3 /* MCJSONRequestSerializer.m in Sources */,
				315BFA041CFC4EA500FA87B3 /* Client.m in Sources */,
				31A2DCC61CF7D9B500939063 /* main.m in Sources */,
			);
			runOnlyForDeploymentPostprocessing = 0;
		};
/* End PBXSourcesBuildPhase section */

/* Begin PBXVariantGroup section */
		31A2DCD21CF7D9B500939063 /* LaunchScreen.storyboard */ = {
			isa = PBXVariantGroup;
			children = (
				31A2DCD31CF7D9B500939063 /* Base */,
			);
			name = LaunchScreen.storyboard;
			sourceTree = "<group>";
		};
/* End PBXVariantGroup section */

/* Begin XCBuildConfiguration section */
		31A2DCD61CF7D9B500939063 /* Debug */ = {
			isa = XCBuildConfiguration;
			buildSettings = {
				ALWAYS_SEARCH_USER_PATHS = NO;
				CLANG_ANALYZER_NONNULL = YES;
				CLANG_CXX_LANGUAGE_STANDARD = "gnu++0x";
				CLANG_CXX_LIBRARY = "libc++";
				CLANG_ENABLE_MODULES = YES;
				CLANG_ENABLE_OBJC_ARC = YES;
				CLANG_WARN_BOOL_CONVERSION = YES;
				CLANG_WARN_CONSTANT_CONVERSION = YES;
				CLANG_WARN_DIRECT_OBJC_ISA_USAGE = YES_ERROR;
				CLANG_WARN_EMPTY_BODY = YES;
				CLANG_WARN_ENUM_CONVERSION = YES;
				CLANG_WARN_INT_CONVERSION = YES;
				CLANG_WARN_OBJC_ROOT_CLASS = YES_ERROR;
				CLANG_WARN_UNREACHABLE_CODE = YES;
				CLANG_WARN__DUPLICATE_METHOD_MATCH = YES;
				"CODE_SIGN_IDENTITY[sdk=iphoneos*]" = "iPhone Developer";
				COPY_PHASE_STRIP = NO;
				DEBUG_INFORMATION_FORMAT = dwarf;
				ENABLE_STRICT_OBJC_MSGSEND = YES;
				ENABLE_TESTABILITY = YES;
				GCC_C_LANGUAGE_STANDARD = gnu99;
				GCC_DYNAMIC_NO_PIC = NO;
				GCC_NO_COMMON_BLOCKS = YES;
				GCC_OPTIMIZATION_LEVEL = 0;
				GCC_PREPROCESSOR_DEFINITIONS = (
					"DEBUG=1",
					"$(inherited)",
				);
				GCC_WARN_64_TO_32_BIT_CONVERSION = YES;
				GCC_WARN_ABOUT_RETURN_TYPE = YES_ERROR;
				GCC_WARN_UNDECLARED_SELECTOR = YES;
				GCC_WARN_UNINITIALIZED_AUTOS = YES_AGGRESSIVE;
				GCC_WARN_UNUSED_FUNCTION = YES;
				GCC_WARN_UNUSED_VARIABLE = YES;
				IPHONEOS_DEPLOYMENT_TARGET = 9.3;
				MTL_ENABLE_DEBUG_INFO = YES;
				ONLY_ACTIVE_ARCH = YES;
				SDKROOT = iphoneos;
			};
			name = Debug;
		};
		31A2DCD71CF7D9B500939063 /* Release */ = {
			isa = XCBuildConfiguration;
			buildSettings = {
				ALWAYS_SEARCH_USER_PATHS = NO;
				CLANG_ANALYZER_NONNULL = YES;
				CLANG_CXX_LANGUAGE_STANDARD = "gnu++0x";
				CLANG_CXX_LIBRARY = "libc++";
				CLANG_ENABLE_MODULES = YES;
				CLANG_ENABLE_OBJC_ARC = YES;
				CLANG_WARN_BOOL_CONVERSION = YES;
				CLANG_WARN_CONSTANT_CONVERSION = YES;
				CLANG_WARN_DIRECT_OBJC_ISA_USAGE = YES_ERROR;
				CLANG_WARN_EMPTY_BODY = YES;
				CLANG_WARN_ENUM_CONVERSION = YES;
				CLANG_WARN_INT_CONVERSION = YES;
				CLANG_WARN_OBJC_ROOT_CLASS = YES_ERROR;
				CLANG_WARN_UNREACHABLE_CODE = YES;
				CLANG_WARN__DUPLICATE_METHOD_MATCH = YES;
				"CODE_SIGN_IDENTITY[sdk=iphoneos*]" = "iPhone Developer";
				COPY_PHASE_STRIP = NO;
				DEBUG_INFORMATION_FORMAT = "dwarf-with-dsym";
				ENABLE_NS_ASSERTIONS = NO;
				ENABLE_STRICT_OBJC_MSGSEND = YES;
				GCC_C_LANGUAGE_STANDARD = gnu99;
				GCC_NO_COMMON_BLOCKS = YES;
				GCC_WARN_64_TO_32_BIT_CONVERSION = YES;
				GCC_WARN_ABOUT_RETURN_TYPE = YES_ERROR;
				GCC_WARN_UNDECLARED_SELECTOR = YES;
				GCC_WARN_UNINITIALIZED_AUTOS = YES_AGGRESSIVE;
				GCC_WARN_UNUSED_FUNCTION = YES;
				GCC_WARN_UNUSED_VARIABLE = YES;
				IPHONEOS_DEPLOYMENT_TARGET = 9.3;
				MTL_ENABLE_DEBUG_INFO = NO;
				SDKROOT = iphoneos;
				VALIDATE_PRODUCT = YES;
			};
			name = Release;
		};
		31A2DCD91CF7D9B500939063 /* Debug */ = {
			isa = XCBuildConfiguration;
			baseConfigurationReference = B6D8254E3871DD288663D682 /* Pods-HirudoApp.debug.xcconfig */;
			buildSettings = {
				ASSETCATALOG_COMPILER_APPICON_NAME = AppIcon;
				CODE_SIGN_IDENTITY = "iPhone Developer";
				"CODE_SIGN_IDENTITY[sdk=iphoneos*]" = "iPhone Developer";
				FRAMEWORK_SEARCH_PATHS = (
					"$(inherited)",
					"$(PROJECT_DIR)",
				);
				INFOPLIST_FILE = HirudoApp/Info.plist;
				LD_RUNPATH_SEARCH_PATHS = "$(inherited) @executable_path/Frameworks";
				PRODUCT_BUNDLE_IDENTIFIER = sh.nikhil.HirudoApp;
				PRODUCT_NAME = "$(TARGET_NAME)";
				PROVISIONING_PROFILE = "";
			};
			name = Debug;
		};
		31A2DCDA1CF7D9B500939063 /* Release */ = {
			isa = XCBuildConfiguration;
			baseConfigurationReference = 9ED7F887DF45D20E8236D417 /* Pods-HirudoApp.release.xcconfig */;
			buildSettings = {
				ASSETCATALOG_COMPILER_APPICON_NAME = AppIcon;
				CODE_SIGN_IDENTITY = "iPhone Developer";
				"CODE_SIGN_IDENTITY[sdk=iphoneos*]" = "iPhone Developer";
				FRAMEWORK_SEARCH_PATHS = (
					"$(inherited)",
					"$(PROJECT_DIR)",
				);
				INFOPLIST_FILE = HirudoApp/Info.plist;
				LD_RUNPATH_SEARCH_PATHS = "$(inherited) @executable_path/Frameworks";
				PRODUCT_BUNDLE_IDENTIFIER = sh.nikhil.HirudoApp;
				PRODUCT_NAME = "$(TARGET_NAME)";
				PROVISIONING_PROFILE = "";
			};
			name = Release;
		};
/* End XCBuildConfiguration section */

/* Begin XCConfigurationList section */
		31A2DCBC1CF7D9B400939063 /* Build configuration list for PBXProject "HirudoApp" */ = {
			isa = XCConfigurationList;
			buildConfigurations = (
				31A2DCD61CF7D9B500939063 /* Debug */,
				31A2DCD71CF7D9B500939063 /* Release */,
			);
			defaultConfigurationIsVisible = 0;
			defaultConfigurationName = Release;
		};
		31A2DCD81CF7D9B500939063 /* Build configuration list for PBXNativeTarget "HirudoApp" */ = {
			isa = XCConfigurationList;
			buildConfigurations = (
				31A2DCD91CF7D9B500939063 /* Debug */,
				31A2DCDA1CF7D9B500939063 /* Release */,
			);
			defaultConfigurationIsVisible = 0;
			defaultConfigurationName = Release;
		};
/* End XCConfigurationList section */
	};
	rootObject = 31A2DCB91CF7D9B400939063 /* Project object */;
}
